{
  "version": 4,
  "terraform_version": "1.3.7",
  "serial": 4,
  "lineage": "4e3b6326-e9d7-12aa-ee11-d9fc7aaf5e13",
  "outputs": {
    "IPrancher-server": {
      "value": "209.97.150.93",
      "type": "string"
    }
  },
  "resources": [
    {
      "mode": "managed",
      "type": "digitalocean_droplet",
      "name": "rancher-server",
      "provider": "provider[\"registry.terraform.io/digitalocean/digitalocean\"]",
      "instances": [
        {
          "schema_version": 1,
          "attributes": {
            "backups": false,
            "created_at": "2023-02-06T20:11:03Z",
            "disk": 80,
            "droplet_agent": null,
            "graceful_shutdown": false,
            "id": "339493548",
            "image": "ubuntu-22-10-x64",
            "ipv4_address": "209.97.150.93",
            "ipv4_address_private": "10.108.0.2",
            "ipv6": false,
            "ipv6_address": "",
            "locked": false,
            "memory": 4096,
            "monitoring": false,
            "name": "rancher-server",
            "price_hourly": 0.03571,
            "price_monthly": 24,
            "private_networking": true,
            "region": "nyc3",
            "resize_disk": true,
            "size": "s-2vcpu-4gb",
            "ssh_keys": [
              "1f:29:48:72:ed:a2:a2:4c:09:7d:47:62:89:e8:3d:c7"
            ],
            "status": "active",
            "tags": null,
            "timeouts": null,
            "urn": "do:droplet:339493548",
            "user_data": null,
            "vcpus": 2,
            "volume_ids": [],
            "vpc_uuid": "9e17a872-221c-429c-9817-f6d273e69210"
          },
          "sensitive_attributes": [],
          "private": "eyJlMmJmYjczMC1lY2FhLTExZTYtOGY4OC0zNDM2M2JjN2M0YzAiOnsiY3JlYXRlIjozNjAwMDAwMDAwMDAwLCJkZWxldGUiOjYwMDAwMDAwMDAwLCJ1cGRhdGUiOjM2MDAwMDAwMDAwMDB9LCJzY2hlbWFfdmVyc2lvbiI6IjEifQ==",
          "dependencies": [
            "digitalocean_ssh_key.access_docean"
          ]
        }
      ]
    },
    {
      "mode": "managed",
      "type": "digitalocean_ssh_key",
      "name": "access_docean",
      "provider": "provider[\"registry.terraform.io/digitalocean/digitalocean\"]",
      "instances": [
        {
          "schema_version": 0,
          "attributes": {
            "fingerprint": "1f:29:48:72:ed:a2:a2:4c:09:7d:47:62:89:e8:3d:c7",
            "id": "37458044",
            "name": "access_docean",
            "public_key": "ssh-rsa AAAAB3NzaC1yc2EAAAADAQABAAABgQDzU4jcuT2BPIBukhfPrLCJMe5TpgdsEwzp6GlntYI7rZvuo/4qn8OH0sha/LplwkgcnumdfvnV9El7q6Yco56Vil7e8BDLh4Vmpw32H6YJXEa4/HdsUMzcwmG4/MV45rQnM3oBZLdAcjhdzHjW/hJ1jI+YJYwn7L600r2Oa13UqqDgrv7TbTEXSe83mMdX2KbX3fsoH4Zvt5pjJk9PEc7WaqYdmLMnFcJ+3/ttjMdJFhij71vU0CCWoU0OhLtMJ9sg/DuMFpblZ3fsruKbRXKDULB/kWCCq9s3BAvLIme38ueeRucFD5fEdjEm2JIWLzQWU6ArjX87wRt0xUz2HJAi0m8RajBQO0Lz55hCXO4VrEVh1PFpMIn1PJge9F9ZLn7EF0oCSc9hcvhQCf8Gra6uVCAmAlB2oFngxYrSlxiBcA9c/bQvMBKGfm49HbfEiLG0tg3N+OZ7TEfEh37WkHR10X+fNL3jgH9eOEfsqHuwnzFNgqmXTQtQNfpVFu+XJXc= paulo@ricassio\n"
          },
          "sensitive_attributes": [],
          "private": "bnVsbA=="
        }
      ]
    }
  ],
  "check_results": null
}
